
Microsoft Visual Studio Solution File, Format Version 12.00
# Visual Studio 2012
Project("{FAE04EC0-301F-11D3-BF4B-00C04F79EFBC}") = "188:RECTNG1_Rectangles", "188:RECTNG1_Rectangles.csproj", "{12150416-CDC0-407D-8D18-9926F427C77D}"
EndProject
Global
	GlobalSection(SolutionConfigurationPlatforms) = preSolution
		Debug|x86 = Debug|x86
		Release|x86 = Release|x86
	EndGlobalSection
	GlobalSection(ProjectConfigurationPlatforms) = postSolution
		{12150416-CDC0-407D-8D18-9926F427C77D}.Debug|x86.ActiveCfg = Debug|x86
		{12150416-CDC0-407D-8D18-9926F427C77D}.Debug|x86.Build.0 = Debug|x86
		{12150416-CDC0-407D-8D18-9926F427C77D}.Release|x86.ActiveCfg = Release|x86
		{12150416-CDC0-407D-8D18-9926F427C77D}.Release|x86.Build.0 = Release|x86
	EndGlobalSection
EndGlobal
